
Microsoft Visual Studio Solution File, Format Version 12.00
# Visual Studio 14
VisualStudioVersion = 14.0.25420.1
MinimumVisualStudioVersion = 10.0.40219.1
Project("{FAE04EC0-301F-11D3-BF4B-00C04F79EFBC}") = "OpenBus.WPF", "OpenBus.WPF\OpenBus.WPF.csproj", "{7BA39C8A-2A9C-4008-830F-38AC1A0D4CD9}"
	ProjectSection(ProjectDependencies) = postProject
		{5115A399-4E0F-4B33-A811-9E0E9910DEBD} = {5115A399-4E0F-4B33-A811-9E0E9910DEBD}
	EndProjectSection
EndProject
Project("{FAE04EC0-301F-11D3-BF4B-00C04F79EFBC}") = "OpenBus.Engine", "OpenBus.Engine\OpenBus.Engine.csproj", "{CD675E02-CA7C-4E34-90A4-30E21FC05AC7}"
EndProject
Project("{FAE04EC0-301F-11D3-BF4B-00C04F79EFBC}") = "OpenBus.Game", "OpenBus.Game\OpenBus.Game.csproj", "{5115A399-4E0F-4B33-A811-9E0E9910DEBD}"
	ProjectSection(ProjectDependencies) = postProject
		{CD675E02-CA7C-4E34-90A4-30E21FC05AC7} = {CD675E02-CA7C-4E34-90A4-30E21FC05AC7}
		{C96185D1-B950-4D13-A768-AAC7844CEE04} = {C96185D1-B950-4D13-A768-AAC7844CEE04}
		{BBDA98E6-A972-4F60-8EED-83430D24845B} = {BBDA98E6-A972-4F60-8EED-83430D24845B}
	EndProjectSection
EndProject
Project("{FAE04EC0-301F-11D3-BF4B-00C04F79EFBC}") = "OpenBus.Common", "OpenBus.Common\OpenBus.Common.csproj", "{BBDA98E6-A972-4F60-8EED-83430D24845B}"
EndProject
Project("{FAE04EC0-301F-11D3-BF4B-00C04F79EFBC}") = "OpenBus.Config", "OpenBus.Config\OpenBus.Config.csproj", "{C96185D1-B950-4D13-A768-AAC7844CEE04}"
EndProject
Project("{FAE04EC0-301F-11D3-BF4B-00C04F79EFBC}") = "OpenBus.WinForm", "OpenBus.WinForm\OpenBus.WinForm.csproj", "{F8EC47A4-C2DA-47D2-8BC8-2F8DEBCD8AD3}"
EndProject
Global
	GlobalSection(SolutionConfigurationPlatforms) = preSolution
		Debug|Any CPU = Debug|Any CPU
		Debug|x64 = Debug|x64
		Debug|x86 = Debug|x86
		Release|Any CPU = Release|Any CPU
		Release|x64 = Release|x64
		Release|x86 = Release|x86
	EndGlobalSection
	GlobalSection(ProjectConfigurationPlatforms) = postSolution
		{7BA39C8A-2A9C-4008-830F-38AC1A0D4CD9}.Debug|Any CPU.ActiveCfg = Debug|Any CPU
		{7BA39C8A-2A9C-4008-830F-38AC1A0D4CD9}.Debug|Any CPU.Build.0 = Debug|Any CPU
		{7BA39C8A-2A9C-4008-830F-38AC1A0D4CD9}.Debug|x64.ActiveCfg = Debug|x64
		{7BA39C8A-2A9C-4008-830F-38AC1A0D4CD9}.Debug|x64.Build.0 = Debug|x64
		{7BA39C8A-2A9C-4008-830F-38AC1A0D4CD9}.Debug|x86.ActiveCfg = Debug|Any CPU
		{7BA39C8A-2A9C-4008-830F-38AC1A0D4CD9}.Debug|x86.Build.0 = Debug|Any CPU
		{7BA39C8A-2A9C-4008-830F-38AC1A0D4CD9}.Release|Any CPU.ActiveCfg = Release|Any CPU
		{7BA39C8A-2A9C-4008-830F-38AC1A0D4CD9}.Release|Any CPU.Build.0 = Release|Any CPU
		{7BA39C8A-2A9C-4008-830F-38AC1A0D4CD9}.Release|x64.ActiveCfg = Release|x64
		{7BA39C8A-2A9C-4008-830F-38AC1A0D4CD9}.Release|x64.Build.0 = Release|x64
		{7BA39C8A-2A9C-4008-830F-38AC1A0D4CD9}.Release|x86.ActiveCfg = Release|Any CPU
		{CD675E02-CA7C-4E34-90A4-30E21FC05AC7}.Debug|Any CPU.ActiveCfg = Debug|Any CPU
		{CD675E02-CA7C-4E34-90A4-30E21FC05AC7}.Debug|Any CPU.Build.0 = Debug|Any CPU
		{CD675E02-CA7C-4E34-90A4-30E21FC05AC7}.Debug|x64.ActiveCfg = Debug|x64
		{CD675E02-CA7C-4E34-90A4-30E21FC05AC7}.Debug|x64.Build.0 = Debug|x64
		{CD675E02-CA7C-4E34-90A4-30E21FC05AC7}.Debug|x86.ActiveCfg = Debug|Any CPU
		{CD675E02-CA7C-4E34-90A4-30E21FC05AC7}.Debug|x86.Build.0 = Debug|Any CPU
		{CD675E02-CA7C-4E34-90A4-30E21FC05AC7}.Release|Any CPU.ActiveCfg = Release|Any CPU
		{CD675E02-CA7C-4E34-90A4-30E21FC05AC7}.Release|Any CPU.Build.0 = Release|Any CPU
		{CD675E02-CA7C-4E34-90A4-30E21FC05AC7}.Release|x64.ActiveCfg = Release|x64
		{CD675E02-CA7C-4E34-90A4-30E21FC05AC7}.Release|x64.Build.0 = Release|x64
		{CD675E02-CA7C-4E34-90A4-30E21FC05AC7}.Release|x86.ActiveCfg = Release|Any CPU
		{5115A399-4E0F-4B33-A811-9E0E9910DEBD}.Debug|Any CPU.ActiveCfg = Debug|Any CPU
		{5115A399-4E0F-4B33-A811-9E0E9910DEBD}.Debug|Any CPU.Build.0 = Debug|Any CPU
		{5115A399-4E0F-4B33-A811-9E0E9910DEBD}.Debug|x64.ActiveCfg = Debug|x64
		{5115A399-4E0F-4B33-A811-9E0E9910DEBD}.Debug|x64.Build.0 = Debug|x64
		{5115A399-4E0F-4B33-A811-9E0E9910DEBD}.Debug|x86.ActiveCfg = Debug|Any CPU
		{5115A399-4E0F-4B33-A811-9E0E9910DEBD}.Debug|x86.Build.0 = Debug|Any CPU
		{5115A399-4E0F-4B33-A811-9E0E9910DEBD}.Release|Any CPU.ActiveCfg = Release|Any CPU
		{5115A399-4E0F-4B33-A811-9E0E9910DEBD}.Release|Any CPU.Build.0 = Release|Any CPU
		{5115A399-4E0F-4B33-A811-9E0E9910DEBD}.Release|x64.ActiveCfg = Release|x64
		{5115A399-4E0F-4B33-A811-9E0E9910DEBD}.Release|x64.Build.0 = Release|x64
		{5115A399-4E0F-4B33-A811-9E0E9910DEBD}.Release|x86.ActiveCfg = Release|Any CPU
		{BBDA98E6-A972-4F60-8EED-83430D24845B}.Debug|Any CPU.ActiveCfg = Debug|Any CPU
		{BBDA98E6-A972-4F60-8EED-83430D24845B}.Debug|Any CPU.Build.0 = Debug|Any CPU
		{BBDA98E6-A972-4F60-8EED-83430D24845B}.Debug|x64.ActiveCfg = Debug|x64
		{BBDA98E6-A972-4F60-8EED-83430D24845B}.Debug|x64.Build.0 = Debug|x64
		{BBDA98E6-A972-4F60-8EED-83430D24845B}.Debug|x86.ActiveCfg = Debug|Any CPU
		{BBDA98E6-A972-4F60-8EED-83430D24845B}.Debug|x86.Build.0 = Debug|Any CPU
		{BBDA98E6-A972-4F60-8EED-83430D24845B}.Release|Any CPU.ActiveCfg = Release|Any CPU
		{BBDA98E6-A972-4F60-8EED-83430D24845B}.Release|Any CPU.Build.0 = Release|Any CPU
		{BBDA98E6-A972-4F60-8EED-83430D24845B}.Release|x64.ActiveCfg = Release|x64
		{BBDA98E6-A972-4F60-8EED-83430D24845B}.Release|x64.Build.0 = Release|x64
		{BBDA98E6-A972-4F60-8EED-83430D24845B}.Release|x86.ActiveCfg = Release|Any CPU
		{C96185D1-B950-4D13-A768-AAC7844CEE04}.Debug|Any CPU.ActiveCfg = Debug|Any CPU
		{C96185D1-B950-4D13-A768-AAC7844CEE04}.Debug|Any CPU.Build.0 = Debug|Any CPU
		{C96185D1-B950-4D13-A768-AAC7844CEE04}.Debug|x64.ActiveCfg = Debug|x64
		{C96185D1-B950-4D13-A768-AAC7844CEE04}.Debug|x64.Build.0 = Debug|x64
		{C96185D1-B950-4D13-A768-AAC7844CEE04}.Debug|x86.ActiveCfg = Debug|Any CPU
		{C96185D1-B950-4D13-A768-AAC7844CEE04}.Debug|x86.Build.0 = Debug|Any CPU
		{C96185D1-B950-4D13-A768-AAC7844CEE04}.Release|Any CPU.ActiveCfg = Release|Any CPU
		{C96185D1-B950-4D13-A768-AAC7844CEE04}.Release|Any CPU.Build.0 = Release|Any CPU
		{C96185D1-B950-4D13-A768-AAC7844CEE04}.Release|x64.ActiveCfg = Release|x64
		{C96185D1-B950-4D13-A768-AAC7844CEE04}.Release|x64.Build.0 = Release|x64
		{C96185D1-B950-4D13-A768-AAC7844CEE04}.Release|x86.ActiveCfg = Release|Any CPU
		{F8EC47A4-C2DA-47D2-8BC8-2F8DEBCD8AD3}.Debug|Any CPU.ActiveCfg = Debug|Any CPU
		{F8EC47A4-C2DA-47D2-8BC8-2F8DEBCD8AD3}.Debug|Any CPU.Build.0 = Debug|Any CPU
		{F8EC47A4-C2DA-47D2-8BC8-2F8DEBCD8AD3}.Debug|x64.ActiveCfg = Debug|x64
		{F8EC47A4-C2DA-47D2-8BC8-2F8DEBCD8AD3}.Debug|x64.Build.0 = Debug|x64
		{F8EC47A4-C2DA-47D2-8BC8-2F8DEBCD8AD3}.Debug|x86.ActiveCfg = Debug|Any CPU
		{F8EC47A4-C2DA-47D2-8BC8-2F8DEBCD8AD3}.Debug|x86.Build.0 = Debug|Any CPU
		{F8EC47A4-C2DA-47D2-8BC8-2F8DEBCD8AD3}.Release|Any CPU.ActiveCfg = Release|Any CPU
		{F8EC47A4-C2DA-47D2-8BC8-2F8DEBCD8AD3}.Release|Any CPU.Build.0 = Release|Any CPU
		{F8EC47A4-C2DA-47D2-8BC8-2F8DEBCD8AD3}.Release|x64.ActiveCfg = Release|x64
		{F8EC47A4-C2DA-47D2-8BC8-2F8DEBCD8AD3}.Release|x64.Build.0 = Release|x64
		{F8EC47A4-C2DA-47D2-8BC8-2F8DEBCD8AD3}.Release|x86.ActiveCfg = Release|Any CPU
		{F8EC47A4-C2DA-47D2-8BC8-2F8DEBCD8AD3}.Release|x86.Build.0 = Release|Any CPU
	EndGlobalSection
	GlobalSection(SolutionProperties) = preSolution
		HideSolutionNode = FALSE
	EndGlobalSection
EndGlobal
